
Microsoft Visual Studio Solution File, Format Version 11.00
# Visual Studio 2010
Project("{FAE04EC0-301F-11D3-BF4B-00C04F79EFBC}") = "MemoServer", "MemoServer\MemoServer.csproj", "{1FE01029-C0F3-4672-B6B3-93090917E35D}"
EndProject
Project("{FAE04EC0-301F-11D3-BF4B-00C04F79EFBC}") = "UDP_Chat", "UDP_Chat\UDP_Chat.csproj", "{B9BECB7B-90F0-4D2B-91CF-07CCBD5DD6B5}"
EndProject
Project("{FAE04EC0-301F-11D3-BF4B-00C04F79EFBC}") = "Chat_Xamarin_GUI", "Chat_Xamarin_GUI\Chat_Xamarin_GUI.csproj", "{CDE2A151-293E-4368-82B8-03401635545F}"
EndProject
Project("{2150E333-8FDC-42A3-9474-1A3956D46DE8}") = "Notes", "Notes", "{0790D2E3-72ED-4ED8-9C26-27B976FA707D}"
EndProject
Project("{9344BDBB-3E7F-41FC-A0DD-8665D75EE146}") = "NoteProject", "NoteProject\NoteProject.mdproj", "{AC1BD429-4C1F-4300-884F-2EDCECC9DF86}"
EndProject
Project("{FAE04EC0-301F-11D3-BF4B-00C04F79EFBC}") = "DebugServer", "DebugServer\DebugServer.csproj", "{B711C518-90D9-404C-81CC-61ADBD1A8827}"
EndProject
Global
	GlobalSection(SolutionConfigurationPlatforms) = preSolution
		Debug|x86 = Debug|x86
		Release|x86 = Release|x86
		Default|Any CPU = Default|Any CPU
	EndGlobalSection
	GlobalSection(ProjectConfigurationPlatforms) = postSolution
		{1FE01029-C0F3-4672-B6B3-93090917E35D}.Debug|x86.ActiveCfg = Debug|x86
		{1FE01029-C0F3-4672-B6B3-93090917E35D}.Debug|x86.Build.0 = Debug|x86
		{1FE01029-C0F3-4672-B6B3-93090917E35D}.Default|Any CPU.ActiveCfg = Debug|x86
		{1FE01029-C0F3-4672-B6B3-93090917E35D}.Default|Any CPU.Build.0 = Debug|x86
		{1FE01029-C0F3-4672-B6B3-93090917E35D}.Release|x86.ActiveCfg = Release|x86
		{1FE01029-C0F3-4672-B6B3-93090917E35D}.Release|x86.Build.0 = Release|x86
		{AC1BD429-4C1F-4300-884F-2EDCECC9DF86}.Debug|x86.ActiveCfg = Default|Any CPU
		{AC1BD429-4C1F-4300-884F-2EDCECC9DF86}.Debug|x86.Build.0 = Default|Any CPU
		{AC1BD429-4C1F-4300-884F-2EDCECC9DF86}.Default|Any CPU.ActiveCfg = Default|Any CPU
		{AC1BD429-4C1F-4300-884F-2EDCECC9DF86}.Default|Any CPU.Build.0 = Default|Any CPU
		{AC1BD429-4C1F-4300-884F-2EDCECC9DF86}.Release|x86.ActiveCfg = Default|Any CPU
		{AC1BD429-4C1F-4300-884F-2EDCECC9DF86}.Release|x86.Build.0 = Default|Any CPU
		{B711C518-90D9-404C-81CC-61ADBD1A8827}.Debug|x86.ActiveCfg = Debug|x86
		{B711C518-90D9-404C-81CC-61ADBD1A8827}.Debug|x86.Build.0 = Debug|x86
		{B711C518-90D9-404C-81CC-61ADBD1A8827}.Default|Any CPU.ActiveCfg = Debug|x86
		{B711C518-90D9-404C-81CC-61ADBD1A8827}.Default|Any CPU.Build.0 = Debug|x86
		{B711C518-90D9-404C-81CC-61ADBD1A8827}.Release|x86.ActiveCfg = Release|x86
		{B711C518-90D9-404C-81CC-61ADBD1A8827}.Release|x86.Build.0 = Release|x86
		{B9BECB7B-90F0-4D2B-91CF-07CCBD5DD6B5}.Debug|x86.ActiveCfg = Debug|x86
		{B9BECB7B-90F0-4D2B-91CF-07CCBD5DD6B5}.Debug|x86.Build.0 = Debug|x86
		{B9BECB7B-90F0-4D2B-91CF-07CCBD5DD6B5}.Default|Any CPU.ActiveCfg = Debug|x86
		{B9BECB7B-90F0-4D2B-91CF-07CCBD5DD6B5}.Default|Any CPU.Build.0 = Debug|x86
		{B9BECB7B-90F0-4D2B-91CF-07CCBD5DD6B5}.Release|x86.ActiveCfg = Release|x86
		{B9BECB7B-90F0-4D2B-91CF-07CCBD5DD6B5}.Release|x86.Build.0 = Release|x86
		{CDE2A151-293E-4368-82B8-03401635545F}.Debug|x86.ActiveCfg = Debug|x86
		{CDE2A151-293E-4368-82B8-03401635545F}.Debug|x86.Build.0 = Debug|x86
		{CDE2A151-293E-4368-82B8-03401635545F}.Default|Any CPU.ActiveCfg = Debug|x86
		{CDE2A151-293E-4368-82B8-03401635545F}.Default|Any CPU.Build.0 = Debug|x86
		{CDE2A151-293E-4368-82B8-03401635545F}.Release|x86.ActiveCfg = Release|x86
		{CDE2A151-293E-4368-82B8-03401635545F}.Release|x86.Build.0 = Release|x86
	EndGlobalSection
	GlobalSection(NestedProjects) = preSolution
		{AC1BD429-4C1F-4300-884F-2EDCECC9DF86} = {0790D2E3-72ED-4ED8-9C26-27B976FA707D}
	EndGlobalSection
EndGlobal
