
Microsoft Visual Studio Solution File, Format Version 11.00
# Visual Studio 2010
Project("{FAE04EC0-301F-11D3-BF4B-00C04F79EFBC}") = "MemoServer", "MemoServer\MemoServer.csproj", "{1FE01029-C0F3-4672-B6B3-93090917E35D}"
EndProject
Global
	GlobalSection(SolutionConfigurationPlatforms) = preSolution
		Debug|x86 = Debug|x86
		Release|x86 = Release|x86
	EndGlobalSection
	GlobalSection(ProjectConfigurationPlatforms) = postSolution
		{1FE01029-C0F3-4672-B6B3-93090917E35D}.Debug|x86.ActiveCfg = Debug|x86
		{1FE01029-C0F3-4672-B6B3-93090917E35D}.Debug|x86.Build.0 = Debug|x86
		{1FE01029-C0F3-4672-B6B3-93090917E35D}.Release|x86.ActiveCfg = Release|x86
		{1FE01029-C0F3-4672-B6B3-93090917E35D}.Release|x86.Build.0 = Release|x86
	EndGlobalSection
	GlobalSection(MonoDevelopProperties) = preSolution
		StartupItem = MemoServer\MemoServer.csproj
	EndGlobalSection
EndGlobal
